<?xml version="1.0" encoding="utf-8"?>
<Project ToolsVersion="4.0" xmlns="http://schemas.microsoft.com/developer/msbuild/2003">
  <ItemGroup>
    <Filter Include="源文件">
      <UniqueIdentifier>{4FC737F1-C7A5-4376-A066-2A32D752A2FF}</UniqueIdentifier>
      <Extensions>cpp;c;cc;cxx;c++;cppm;ixx;def;odl;idl;hpj;bat;asm;asmx</Extensions>
    </Filter>
    <Filter Include="头文件">
      <UniqueIdentifier>{93995380-89BD-4b04-88EB-625FBE52EBFB}</UniqueIdentifier>
      <Extensions>h;hh;hpp;hxx;h++;hm;inl;inc;ipp;xsd</Extensions>
    </Filter>
    <Filter Include="资源文件">
      <UniqueIdentifier>{67DA6AB6-F800-4c08-8B7A-83BB121AAD01}</UniqueIdentifier>
      <Extensions>rc;ico;cur;bmp;dlg;rc2;rct;bin;rgs;gif;jpg;jpeg;jpe;resx;tiff;tif;png;wav;mfcribbon-ms</Extensions>
    </Filter>
    <Filter Include="资源文件\纹理">
      <UniqueIdentifier>{61d5229e-a0fa-44a0-b297-7767bcfbf107}</UniqueIdentifier>
    </Filter>
    <Filter Include="资源文件\着色器">
      <UniqueIdentifier>{57ec71bd-1ca8-4769-8c1c-8eac898ca197}</UniqueIdentifier>
    </Filter>
    <Filter Include="资源文件\模型">
      <UniqueIdentifier>{ca023672-c317-41ff-8899-f91aecdfa97d}</UniqueIdentifier>
    </Filter>
    <Filter Include="源文件\外部源文件">
      <UniqueIdentifier>{938a651f-57f6-4d34-90c8-15e36e8efae8}</UniqueIdentifier>
    </Filter>
    <Filter Include="资源文件\纹理\天空盒">
      <UniqueIdentifier>{1fb713f3-431b-4437-9fb2-b7f1f6e25096}</UniqueIdentifier>
    </Filter>
    <Filter Include="资源文件\着色器\天空盒">
      <UniqueIdentifier>{04347766-12e4-4c09-8649-3f8014c2c1c0}</UniqueIdentifier>
    </Filter>
    <Filter Include="资源文件\着色器\模型">
      <UniqueIdentifier>{5a0dd907-844c-43d4-97ad-edba39ab9192}</UniqueIdentifier>
    </Filter>
    <Filter Include="资源文件\着色器\光源">
      <UniqueIdentifier>{530d17f9-9653-4d6a-b024-e4a0eea0f796}</UniqueIdentifier>
    </Filter>
    <Filter Include="资源文件\模型\nanosuit">
      <UniqueIdentifier>{9278e2c6-afe2-4a83-b1b2-2c4d94431e05}</UniqueIdentifier>
    </Filter>
    <Filter Include="资源文件\模型\zelda">
      <UniqueIdentifier>{f00efde1-34ed-4eb6-83b1-144f3eb7c3cf}</UniqueIdentifier>
    </Filter>
    <Filter Include="资源文件\着色器\法线">
      <UniqueIdentifier>{1424aa97-63ae-4cca-beac-241c20b66da8}</UniqueIdentifier>
    </Filter>
  </ItemGroup>
  <ItemGroup>
    <ClCompile Include="source\main.cpp">
      <Filter>源文件</Filter>
    </ClCompile>
    <ClCompile Include="external\sourse\glad.c">
      <Filter>源文件\外部源文件</Filter>
    </ClCompile>
  </ItemGroup>
  <ItemGroup>
    <ClInclude Include="include\shader.h">
      <Filter>头文件</Filter>
    </ClInclude>
    <ClInclude Include="include\camera.h">
      <Filter>头文件</Filter>
    </ClInclude>
    <ClInclude Include="include\mesh.h">
      <Filter>头文件</Filter>
    </ClInclude>
    <ClInclude Include="include\model.h">
      <Filter>头文件</Filter>
    </ClInclude>
    <ClInclude Include="include\skybox.h">
      <Filter>头文件</Filter>
    </ClInclude>
  </ItemGroup>
  <ItemGroup>
    <Image Include="resource\texture\awesomeface.png">
      <Filter>资源文件\纹理</Filter>
    </Image>
    <Image Include="resource\texture\skybox\back.jpg">
      <Filter>资源文件\纹理\天空盒</Filter>
    </Image>
    <Image Include="resource\texture\skybox\bottom.jpg">
      <Filter>资源文件\纹理\天空盒</Filter>
    </Image>
    <Image Include="resource\texture\skybox\front.jpg">
      <Filter>资源文件\纹理\天空盒</Filter>
    </Image>
    <Image Include="resource\texture\skybox\left.jpg">
      <Filter>资源文件\纹理\天空盒</Filter>
    </Image>
    <Image Include="resource\texture\skybox\right.jpg">
      <Filter>资源文件\纹理\天空盒</Filter>
    </Image>
    <Image Include="resource\texture\skybox\top.jpg">
      <Filter>资源文件\纹理\天空盒</Filter>
    </Image>
    <Image Include="resource\model\nanosuit\arm_dif.png">
      <Filter>资源文件\模型\nanosuit</Filter>
    </Image>
    <Image Include="resource\model\nanosuit\arm_showroom_ddn.png">
      <Filter>资源文件\模型\nanosuit</Filter>
    </Image>
    <Image Include="resource\model\nanosuit\arm_showroom_refl.png">
      <Filter>资源文件\模型\nanosuit</Filter>
    </Image>
    <Image Include="resource\model\nanosuit\arm_showroom_spec.png">
      <Filter>资源文件\模型\nanosuit</Filter>
    </Image>
    <Image Include="resource\model\nanosuit\body_dif.png">
      <Filter>资源文件\模型\nanosuit</Filter>
    </Image>
    <Image Include="resource\model\nanosuit\body_showroom_ddn.png">
      <Filter>资源文件\模型\nanosuit</Filter>
    </Image>
    <Image Include="resource\model\nanosuit\body_showroom_refl.png">
      <Filter>资源文件\模型\nanosuit</Filter>
    </Image>
    <Image Include="resource\model\nanosuit\body_showroom_spec.png">
      <Filter>资源文件\模型\nanosuit</Filter>
    </Image>
    <Image Include="resource\model\nanosuit\glass_ddn.png">
      <Filter>资源文件\模型\nanosuit</Filter>
    </Image>
    <Image Include="resource\model\nanosuit\glass_dif.png">
      <Filter>资源文件\模型\nanosuit</Filter>
    </Image>
    <Image Include="resource\model\nanosuit\glass_refl.png">
      <Filter>资源文件\模型\nanosuit</Filter>
    </Image>
    <Image Include="resource\model\nanosuit\hand_dif.png">
      <Filter>资源文件\模型\nanosuit</Filter>
    </Image>
    <Image Include="resource\model\nanosuit\hand_showroom_ddn.png">
      <Filter>资源文件\模型\nanosuit</Filter>
    </Image>
    <Image Include="resource\model\nanosuit\hand_showroom_refl.png">
      <Filter>资源文件\模型\nanosuit</Filter>
    </Image>
    <Image Include="resource\model\nanosuit\hand_showroom_spec.png">
      <Filter>资源文件\模型\nanosuit</Filter>
    </Image>
    <Image Include="resource\model\nanosuit\helmet_diff.png">
      <Filter>资源文件\模型\nanosuit</Filter>
    </Image>
    <Image Include="resource\model\nanosuit\helmet_showroom_ddn.png">
      <Filter>资源文件\模型\nanosuit</Filter>
    </Image>
    <Image Include="resource\model\nanosuit\helmet_showroom_refl.png">
      <Filter>资源文件\模型\nanosuit</Filter>
    </Image>
    <Image Include="resource\model\nanosuit\helmet_showroom_spec.png">
      <Filter>资源文件\模型\nanosuit</Filter>
    </Image>
    <Image Include="resource\model\nanosuit\leg_dif.png">
      <Filter>资源文件\模型\nanosuit</Filter>
    </Image>
    <Image Include="resource\model\nanosuit\leg_showroom_ddn.png">
      <Filter>资源文件\模型\nanosuit</Filter>
    </Image>
    <Image Include="resource\model\nanosuit\leg_showroom_refl.png">
      <Filter>资源文件\模型\nanosuit</Filter>
    </Image>
    <Image Include="resource\model\nanosuit\leg_showroom_spec.png">
      <Filter>资源文件\模型\nanosuit</Filter>
    </Image>
    <Image Include="resource\model\zelda\npc_zelda_eyeball_alb.png">
      <Filter>资源文件\模型\zelda</Filter>
    </Image>
    <Image Include="resource\model\zelda\npc_zelda_eyeball_nrm.png">
      <Filter>资源文件\模型\zelda</Filter>
    </Image>
    <Image Include="resource\model\zelda\npc_zelda_eyeball_shadow_l_alb.png">
      <Filter>资源文件\模型\zelda</Filter>
    </Image>
    <Image Include="resource\model\zelda\npc_zelda_eyeball_shadow_r_alb.png">
      <Filter>资源文件\模型\zelda</Filter>
    </Image>
    <Image Include="resource\model\zelda\npc_zelda_eyeball_spm.png">
      <Filter>资源文件\模型\zelda</Filter>
    </Image>
    <Image Include="resource\model\zelda\npc_zelda_face_alb.png">
      <Filter>资源文件\模型\zelda</Filter>
    </Image>
    <Image Include="resource\model\zelda\npc_zelda_face_ao.png">
      <Filter>资源文件\模型\zelda</Filter>
    </Image>
    <Image Include="resource\model\zelda\npc_zelda_face_damage_alb.png">
      <Filter>资源文件\模型\zelda</Filter>
    </Image>
    <Image Include="resource\model\zelda\npc_zelda_face_nrm.png">
      <Filter>资源文件\模型\zelda</Filter>
    </Image>
    <Image Include="resource\model\zelda\npc_zelda_face_spm.png">
      <Filter>资源文件\模型\zelda</Filter>
    </Image>
    <Image Include="resource\model\zelda\npc_zelda_miko_body_alb.png">
      <Filter>资源文件\模型\zelda</Filter>
    </Image>
    <Image Include="resource\model\zelda\npc_zelda_miko_body_damage_alb.png">
      <Filter>资源文件\模型\zelda</Filter>
    </Image>
    <Image Include="resource\model\zelda\npc_zelda_miko_body_nrm.png">
      <Filter>资源文件\模型\zelda</Filter>
    </Image>
    <Image Include="resource\model\zelda\npc_zelda_miko_body_spm.png">
      <Filter>资源文件\模型\zelda</Filter>
    </Image>
    <Image Include="resource\model\zelda\npc_zelda_miko_bracelet_alb.png">
      <Filter>资源文件\模型\zelda</Filter>
    </Image>
    <Image Include="resource\model\zelda\npc_zelda_miko_bracelet_damage_alb.png">
      <Filter>资源文件\模型\zelda</Filter>
    </Image>
    <Image Include="resource\model\zelda\npc_zelda_miko_bracelet_nrm.png">
      <Filter>资源文件\模型\zelda</Filter>
    </Image>
    <Image Include="resource\model\zelda\npc_zelda_miko_bracelet_spm.png">
      <Filter>资源文件\模型\zelda</Filter>
    </Image>
    <Image Include="resource\model\zelda\npc_zelda_miko_hair_alb.png">
      <Filter>资源文件\模型\zelda</Filter>
    </Image>
    <Image Include="resource\model\zelda\npc_zelda_miko_hair_damage_alb.png">
      <Filter>资源文件\模型\zelda</Filter>
    </Image>
    <Image Include="resource\model\zelda\npc_zelda_miko_hair_nrm.png">
      <Filter>资源文件\模型\zelda</Filter>
    </Image>
    <Image Include="resource\model\zelda\npc_zelda_miko_hair_spm.png">
      <Filter>资源文件\模型\zelda</Filter>
    </Image>
    <Image Include="resource\model\zelda\npc_zelda_skin_alb.png">
      <Filter>资源文件\模型\zelda</Filter>
    </Image>
    <Image Include="resource\model\zelda\npc_zelda_skin_ao.png">
      <Filter>资源文件\模型\zelda</Filter>
    </Image>
    <Image Include="resource\model\zelda\npc_zelda_skin_damage_alb.png">
      <Filter>资源文件\模型\zelda</Filter>
    </Image>
    <Image Include="resource\model\zelda\npc_zelda_skin_nrm.png">
      <Filter>资源文件\模型\zelda</Filter>
    </Image>
    <Image Include="resource\model\zelda\npc_zelda_skin_spm.png">
      <Filter>资源文件\模型\zelda</Filter>
    </Image>
  </ItemGroup>
  <ItemGroup>
    <None Include="resource\shader\skybox.frag">
      <Filter>资源文件\着色器\天空盒</Filter>
    </None>
    <None Include="resource\shader\skybox.vert">
      <Filter>资源文件\着色器\天空盒</Filter>
    </None>
    <None Include="resource\shader\model.vert">
      <Filter>资源文件\着色器\模型</Filter>
    </None>
    <None Include="resource\shader\model.frag">
      <Filter>资源文件\着色器\模型</Filter>
    </None>
    <None Include="resource\shader\light_cube.vert">
      <Filter>资源文件\着色器\光源</Filter>
    </None>
    <None Include="resource\shader\light_cube.frag">
      <Filter>资源文件\着色器\光源</Filter>
    </None>
    <None Include="resource\model\nanosuit\nanosuit.mtl">
      <Filter>资源文件\模型\nanosuit</Filter>
    </None>
    <None Include="resource\shader\point_model.vert">
      <Filter>资源文件\着色器\模型</Filter>
    </None>
    <None Include="resource\shader\point_model.frag">
      <Filter>资源文件\着色器\模型</Filter>
    </None>
    <None Include="resource\shader\model.geom">
      <Filter>资源文件\着色器\模型</Filter>
    </None>
    <None Include="resource\model\zelda\Zelda.dae">
      <Filter>资源文件\模型\zelda</Filter>
    </None>
    <None Include="resource\shader\normal_visualization.frag">
      <Filter>资源文件\着色器\法线</Filter>
    </None>
    <None Include="resource\shader\normal_visualization.geom">
      <Filter>资源文件\着色器\法线</Filter>
    </None>
    <None Include="resource\shader\normal_visualization.vert">
      <Filter>资源文件\着色器\法线</Filter>
    </None>
  </ItemGroup>
</Project>